
Microsoft Visual Studio Solution File, Format Version 12.00
# Visual Studio Version 17
VisualStudioVersion = 17.12.35506.116
MinimumVisualStudioVersion = 10.0.40219.1
Project("{FAE04EC0-301F-11D3-BF4B-00C04F79EFBC}") = "Domain", "Domain\Domain.csproj", "{8FC2010A-1C95-4969-AC83-9D9CE7A1AAD3}"
EndProject
Project("{2150E333-8FDC-42A3-9474-1A3956D46DE8}") = "src", "src", "{0D2DFC48-CCD9-4816-8F6B-766D14A19588}"
EndProject
Project("{2150E333-8FDC-42A3-9474-1A3956D46DE8}") = "01-Domain", "01-Domain", "{302C5ECA-912A-41FD-8697-01E31FC2ECCA}"
EndProject
Project("{2150E333-8FDC-42A3-9474-1A3956D46DE8}") = "test", "test", "{893CC530-92B6-47F4-81C4-36B0CD37E96E}"
EndProject
Project("{FAE04EC0-301F-11D3-BF4B-00C04F79EFBC}") = "UnitDomainSample", "UnitDomainSample\UnitDomainSample.csproj", "{05E3F26A-A7EC-494C-AE0A-7374043C238E}"
EndProject
Global
	GlobalSection(SolutionConfigurationPlatforms) = preSolution
		Debug|Any CPU = Debug|Any CPU
		Release|Any CPU = Release|Any CPU
	EndGlobalSection
	GlobalSection(ProjectConfigurationPlatforms) = postSolution
		{8FC2010A-1C95-4969-AC83-9D9CE7A1AAD3}.Debug|Any CPU.ActiveCfg = Debug|Any CPU
		{8FC2010A-1C95-4969-AC83-9D9CE7A1AAD3}.Debug|Any CPU.Build.0 = Debug|Any CPU
		{8FC2010A-1C95-4969-AC83-9D9CE7A1AAD3}.Release|Any CPU.ActiveCfg = Release|Any CPU
		{8FC2010A-1C95-4969-AC83-9D9CE7A1AAD3}.Release|Any CPU.Build.0 = Release|Any CPU
		{05E3F26A-A7EC-494C-AE0A-7374043C238E}.Debug|Any CPU.ActiveCfg = Debug|Any CPU
		{05E3F26A-A7EC-494C-AE0A-7374043C238E}.Debug|Any CPU.Build.0 = Debug|Any CPU
		{05E3F26A-A7EC-494C-AE0A-7374043C238E}.Release|Any CPU.ActiveCfg = Release|Any CPU
		{05E3F26A-A7EC-494C-AE0A-7374043C238E}.Release|Any CPU.Build.0 = Release|Any CPU
	EndGlobalSection
	GlobalSection(SolutionProperties) = preSolution
		HideSolutionNode = FALSE
	EndGlobalSection
	GlobalSection(NestedProjects) = preSolution
		{8FC2010A-1C95-4969-AC83-9D9CE7A1AAD3} = {302C5ECA-912A-41FD-8697-01E31FC2ECCA}
		{302C5ECA-912A-41FD-8697-01E31FC2ECCA} = {0D2DFC48-CCD9-4816-8F6B-766D14A19588}
		{05E3F26A-A7EC-494C-AE0A-7374043C238E} = {893CC530-92B6-47F4-81C4-36B0CD37E96E}
	EndGlobalSection
EndGlobal
